
Microsoft Visual Studio Solution File, Format Version 12.00
# Visual Studio Version 16
VisualStudioVersion = 16.0.29418.71
MinimumVisualStudioVersion = 10.0.40219.1
Project("{FAE04EC0-301F-11D3-BF4B-00C04F79EFBC}") = "EserciziPerCas", "EserciziPerCas\EserciziPerCas.csproj", "{22D28B3D-3767-48E4-9099-7CDE54E27E8F}"
EndProject
Project("{FAE04EC0-301F-11D3-BF4B-00C04F79EFBC}") = "ProvaConsole", "ProvaConsole\ProvaConsole.csproj", "{5C979D6A-A337-43E3-9BE3-165071702AA5}"
EndProject
Global
	GlobalSection(SolutionConfigurationPlatforms) = preSolution
		Debug|Any CPU = Debug|Any CPU
		Release|Any CPU = Release|Any CPU
	EndGlobalSection
	GlobalSection(ProjectConfigurationPlatforms) = postSolution
		{22D28B3D-3767-48E4-9099-7CDE54E27E8F}.Debug|Any CPU.ActiveCfg = Debug|Any CPU
		{22D28B3D-3767-48E4-9099-7CDE54E27E8F}.Debug|Any CPU.Build.0 = Debug|Any CPU
		{22D28B3D-3767-48E4-9099-7CDE54E27E8F}.Release|Any CPU.ActiveCfg = Release|Any CPU
		{22D28B3D-3767-48E4-9099-7CDE54E27E8F}.Release|Any CPU.Build.0 = Release|Any CPU
		{5C979D6A-A337-43E3-9BE3-165071702AA5}.Debug|Any CPU.ActiveCfg = Debug|Any CPU
		{5C979D6A-A337-43E3-9BE3-165071702AA5}.Debug|Any CPU.Build.0 = Debug|Any CPU
		{5C979D6A-A337-43E3-9BE3-165071702AA5}.Release|Any CPU.ActiveCfg = Release|Any CPU
		{5C979D6A-A337-43E3-9BE3-165071702AA5}.Release|Any CPU.Build.0 = Release|Any CPU
	EndGlobalSection
	GlobalSection(SolutionProperties) = preSolution
		HideSolutionNode = FALSE
	EndGlobalSection
	GlobalSection(ExtensibilityGlobals) = postSolution
		SolutionGuid = {32762DC6-ADE8-4DDD-8347-98FE5393ED44}
	EndGlobalSection
EndGlobal
